{
  "name": "@devsite/infrastructure",
  "version": "0.0.0",
  "lockfileVersion": 1,
  "requires": true,
  "dependencies": {
    "@devsite/core": {
      "version": "0.0.0",
      "requires": {
        "fast-deep-equal": "^2.0.1"
      },
      "dependencies": {
        "@types/lodash": {
          "version": "4.14.122",
          "bundled": true
        },
        "@types/node": {
          "version": "11.11.0",
          "bundled": true
        },
        "@types/uuid": {
          "version": "3.4.4",
          "bundled": true,
          "requires": {
            "@types/node": "*"
          }
        },
        "fast-deep-equal": {
          "version": "2.0.1",
          "bundled": true
        },
        "uuid": {
          "version": "3.3.2",
          "bundled": true
        }
      }
    },
    "@types/node": {
      "version": "11.12.2",
      "resolved": "https://registry.npmjs.org/@types/node/-/node-11.12.2.tgz",
      "integrity": "sha512-c82MtnqWB/CqqK7/zit74Ob8H1dBdV7bK+BcErwtXbe0+nUGkgzq5NTDmRW/pAv2lFtmeNmW95b0zK2hxpeklg==",
      "dev": true
    },
    "@types/uuid": {
      "version": "3.4.4",
      "resolved": "https://registry.npmjs.org/@types/uuid/-/uuid-3.4.4.tgz",
      "integrity": "sha512-tPIgT0GUmdJQNSHxp0X2jnpQfBSTfGxUMc/2CXBU2mnyTFVYVa2ojpoQ74w0U2yn2vw3jnC640+77lkFFpdVDw==",
      "dev": true,
      "requires": {
        "@types/node": "*"
      }
    },
    "uuid": {
      "version": "3.3.2",
      "resolved": "https://registry.npmjs.org/uuid/-/uuid-3.3.2.tgz",
      "integrity": "sha512-yXJmeNaw3DnnKAOKJE51sL/ZaYfWJRl1pK9dr19YFCu0ObS231AB1/LbqTKRAQ5kw8A90rA6fr4riOUpTZvQZA=="
    }
  }
}
